<?xml version="1.0" encoding="utf-8"?>
<Project ToolsVersion="4.0" xmlns="http://schemas.microsoft.com/developer/msbuild/2003">
  <ItemGroup>
    <Filter Include="win32">
      <UniqueIdentifier>{84a8ebd7-7cf0-47f6-b75e-d441df67da40}</UniqueIdentifier>
    </Filter>
    <Filter Include="resource">
      <UniqueIdentifier>{715254bc-d70b-4ec5-bf29-467dd3ace079}</UniqueIdentifier>
    </Filter>
    <Filter Include="src">
      <UniqueIdentifier>{bb6c862e-70e9-49d9-81b7-3829a6f50471}</UniqueIdentifier>
    </Filter>
  </ItemGroup>
  <ItemGroup>
    <ClCompile Include="main.cpp">
      <Filter>win32</Filter>
    </ClCompile>
    <ClCompile Include="..\Classes\AppDelegate.cpp">
      <Filter>src</Filter>
    </ClCompile>
    <ClCompile Include="..\Classes\AnimationManager.cpp">
      <Filter>src</Filter>
    </ClCompile>
    <ClCompile Include="..\Classes\Bullets.cpp">
      <Filter>src</Filter>
    </ClCompile>
    <ClCompile Include="..\Classes\CameraExt.cpp">
      <Filter>src</Filter>
    </ClCompile>
    <ClCompile Include="..\Classes\CAnimationData.cpp">
      <Filter>src</Filter>
    </ClCompile>
    <ClCompile Include="..\Classes\Effects.cpp">
      <Filter>src</Filter>
    </ClCompile>
    <ClCompile Include="..\Classes\Enemies.cpp">
      <Filter>src</Filter>
    </ClCompile>
    <ClCompile Include="..\Classes\Explosion.cpp">
      <Filter>src</Filter>
    </ClCompile>
    <ClCompile Include="..\Classes\GameControllers.cpp">
      <Filter>src</Filter>
    </ClCompile>
    <ClCompile Include="..\Classes\GameEntity.cpp">
      <Filter>src</Filter>
    </ClCompile>
    <ClCompile Include="..\Classes\GameLayer.cpp">
      <Filter>src</Filter>
    </ClCompile>
    <ClCompile Include="..\Classes\GameOverLayer.cpp">
      <Filter>src</Filter>
    </ClCompile>
    <ClCompile Include="..\Classes\Ifstream.cpp">
      <Filter>src</Filter>
    </ClCompile>
    <ClCompile Include="..\Classes\LicenseLayer.cpp">
      <Filter>src</Filter>
    </ClCompile>
    <ClCompile Include="..\Classes\LoadingScene.cpp">
      <Filter>src</Filter>
    </ClCompile>
    <ClCompile Include="..\Classes\LoadMap.cpp">
      <Filter>src</Filter>
    </ClCompile>
    <ClCompile Include="..\Classes\MainMenuScene.cpp">
      <Filter>src</Filter>
    </ClCompile>
    <ClCompile Include="..\Classes\MapManager.cpp">
      <Filter>src</Filter>
    </ClCompile>
    <ClCompile Include="..\Classes\ParticleManager.cpp">
      <Filter>src</Filter>
    </ClCompile>
    <ClCompile Include="..\Classes\Player.cpp">
      <Filter>src</Filter>
    </ClCompile>
    <ClCompile Include="..\Classes\PublicApi.cpp">
      <Filter>src</Filter>
    </ClCompile>
    <ClCompile Include="..\Classes\RotateWithAction.cpp">
      <Filter>src</Filter>
    </ClCompile>
    <ClCompile Include="..\Classes\ShadowController.cpp">
      <Filter>src</Filter>
    </ClCompile>
    <ClCompile Include="..\Classes\Sprite3DEffect.cpp">
      <Filter>src</Filter>
    </ClCompile>
    <ClCompile Include="..\Classes\Turret.cpp">
      <Filter>src</Filter>
    </ClCompile>
    <ClCompile Include="..\Classes\Unit.cpp">
      <Filter>src</Filter>
    </ClCompile>
    <ClCompile Include="..\Classes\UnitRes.cpp">
      <Filter>src</Filter>
    </ClCompile>
    <ClCompile Include="..\Classes\Weapon.cpp">
      <Filter>src</Filter>
    </ClCompile>
    <ClCompile Include="..\Classes\XMap.cpp">
      <Filter>src</Filter>
    </ClCompile>
    <ClCompile Include="..\Classes\Airplane.cpp">
      <Filter>src</Filter>
    </ClCompile>
    <ClCompile Include="..\Classes\FodderIdle.cpp" />
    <ClCompile Include="..\Classes\Fodder.cpp" />
    <ClCompile Include="..\Classes\EventUnit.cpp" />
    <ClCompile Include="..\Classes\EventManager.cpp" />
    <ClCompile Include="..\Classes\Effect.cpp" />
    <ClCompile Include="..\Classes\Trigger.cpp" />
    <ClCompile Include="..\Classes\TriggerSwitch.cpp" />
    <ClCompile Include="..\Classes\TriggerCounter.cpp" />
    <ClCompile Include="..\Classes\TriggerUnitToRect.cpp" />
    <ClCompile Include="..\Classes\TriggerUnitProperty.cpp" />
    <ClCompile Include="..\Classes\TriggerBuildingHP.cpp" />
    <ClCompile Include="..\Classes\EffectSwitch.cpp" />
    <ClCompile Include="..\Classes\effectcounter.cpp" />
    <ClCompile Include="..\Classes\effectdelay.cpp" />
    <ClCompile Include="..\Classes\effectdialog.cpp" />
    <ClCompile Include="..\Classes\EffectUnitRoad.cpp" />
    <ClCompile Include="..\Classes\effectunitattack.cpp" />
    <ClCompile Include="..\Classes\EffectUnitExplode.cpp" />
    <ClCompile Include="..\Classes\effectunitmovetype.cpp" />
    <ClCompile Include="..\Classes\effectunitproperty.cpp" />
    <ClCompile Include="..\Classes\effectplayer.cpp" />
    <ClCompile Include="..\Classes\effectbuildingexplode.cpp" />
    <ClCompile Include="..\Classes\effectcameraa.cpp" />
    <ClCompile Include="..\Classes\effectchagnemap.cpp" />
    <ClCompile Include="..\Classes\gameeffectstate.cpp" />
    <ClCompile Include="..\Classes\effectcalculagraph.cpp" />
    <ClCompile Include="..\Classes\GameScene.cpp">
      <Filter>src</Filter>
    </ClCompile>
    <ClCompile Include="..\Classes\UnitResManager.cpp" />
    <ClCompile Include="..\Classes\buildingresmanager.cpp" />
    <ClCompile Include="..\Classes\weaponresmanager.cpp" />
    <ClCompile Include="..\Classes\WeaponRes.cpp" />
    <ClCompile Include="..\Classes\building.cpp" />
    <ClCompile Include="..\Classes\tool.cpp" />
    <ClCompile Include="..\Classes\UnitManager.cpp" />
    <ClCompile Include="..\Classes\EffectUnitAppear.cpp" />
    <ClCompile Include="..\Classes\shotlogic.cpp" />
    <ClCompile Include="..\Classes\shotlogicmanager.cpp" />
  </ItemGroup>
  <ItemGroup>
    <ClInclude Include="main.h">
      <Filter>win32</Filter>
    </ClInclude>
    <ClInclude Include="..\Classes\AppDelegate.h">
      <Filter>src</Filter>
    </ClInclude>
    <ClInclude Include="..\Classes\AgentSate.h">
      <Filter>src</Filter>
    </ClInclude>
    <ClInclude Include="..\Classes\AnimationManager.h">
      <Filter>src</Filter>
    </ClInclude>
    <ClInclude Include="..\Classes\Bullets.h">
      <Filter>src</Filter>
    </ClInclude>
    <ClInclude Include="..\Classes\CameraExt.h">
      <Filter>src</Filter>
    </ClInclude>
    <ClInclude Include="..\Classes\CAnimationData.h">
      <Filter>src</Filter>
    </ClInclude>
    <ClInclude Include="..\Classes\consts.h">
      <Filter>src</Filter>
    </ClInclude>
    <ClInclude Include="..\Classes\Effects.h">
      <Filter>src</Filter>
    </ClInclude>
    <ClInclude Include="..\Classes\Enemies.h">
      <Filter>src</Filter>
    </ClInclude>
    <ClInclude Include="..\Classes\Explosion.h">
      <Filter>src</Filter>
    </ClInclude>
    <ClInclude Include="..\Classes\GameControllers.h">
      <Filter>src</Filter>
    </ClInclude>
    <ClInclude Include="..\Classes\GameEntity.h">
      <Filter>src</Filter>
    </ClInclude>
    <ClInclude Include="..\Classes\GameGlobe.h">
      <Filter>src</Filter>
    </ClInclude>
    <ClInclude Include="..\Classes\GameLayer.h">
      <Filter>src</Filter>
    </ClInclude>
    <ClInclude Include="..\Classes\GameOverLayer.h">
      <Filter>src</Filter>
    </ClInclude>
    <ClInclude Include="..\Classes\Head.h">
      <Filter>src</Filter>
    </ClInclude>
    <ClInclude Include="..\Classes\Ifstream.h">
      <Filter>src</Filter>
    </ClInclude>
    <ClInclude Include="..\Classes\Launcher.h">
      <Filter>src</Filter>
    </ClInclude>
    <ClInclude Include="..\Classes\LicenseLayer.h">
      <Filter>src</Filter>
    </ClInclude>
    <ClInclude Include="..\Classes\LoadingScene.h">
      <Filter>src</Filter>
    </ClInclude>
    <ClInclude Include="..\Classes\LoadMap.h">
      <Filter>src</Filter>
    </ClInclude>
    <ClInclude Include="..\Classes\MainMenuScene.h">
      <Filter>src</Filter>
    </ClInclude>
    <ClInclude Include="..\Classes\MapManager.h">
      <Filter>src</Filter>
    </ClInclude>
    <ClInclude Include="..\Classes\MoveMode.h">
      <Filter>src</Filter>
    </ClInclude>
    <ClInclude Include="..\Classes\ParticleManager.h">
      <Filter>src</Filter>
    </ClInclude>
    <ClInclude Include="..\Classes\Player.h">
      <Filter>src</Filter>
    </ClInclude>
    <ClInclude Include="..\Classes\PublicApi.h">
      <Filter>src</Filter>
    </ClInclude>
    <ClInclude Include="..\Classes\RotateWithAction.h">
      <Filter>src</Filter>
    </ClInclude>
    <ClInclude Include="..\Classes\Rotor.h">
      <Filter>src</Filter>
    </ClInclude>
    <ClInclude Include="..\Classes\ShadowController.h">
      <Filter>src</Filter>
    </ClInclude>
    <ClInclude Include="..\Classes\Sprite3DEffect.h">
      <Filter>src</Filter>
    </ClInclude>
    <ClInclude Include="..\Classes\Turret.h">
      <Filter>src</Filter>
    </ClInclude>
    <ClInclude Include="..\Classes\Unit.h">
      <Filter>src</Filter>
    </ClInclude>
    <ClInclude Include="..\Classes\UnitRes.h">
      <Filter>src</Filter>
    </ClInclude>
    <ClInclude Include="..\Classes\Weapon.h">
      <Filter>src</Filter>
    </ClInclude>
    <ClInclude Include="..\Classes\WeaponRes.h">
      <Filter>src</Filter>
    </ClInclude>
    <ClInclude Include="..\Classes\XDropTool.h">
      <Filter>src</Filter>
    </ClInclude>
    <ClInclude Include="..\Classes\XMap.h">
      <Filter>src</Filter>
    </ClInclude>
    <ClInclude Include="..\Classes\Configure.h" />
    <ClInclude Include="..\Classes\Airplane.h">
      <Filter>src</Filter>
    </ClInclude>
    <ClInclude Include="..\Classes\IState.h" />
    <ClInclude Include="..\Classes\FodderIdle.h" />
    <ClInclude Include="..\Classes\Fodder.h" />
    <ClInclude Include="..\Classes\EventUnit.h" />
    <ClInclude Include="..\Classes\EventManager.h" />
    <ClInclude Include="..\Classes\Effect.h" />
    <ClInclude Include="..\Classes\Trigger.h" />
    <ClInclude Include="..\Classes\TriggerSwitch.h" />
    <ClInclude Include="..\Classes\TriggerCounter.h" />
    <ClInclude Include="..\Classes\TriggerUnitToRect.h" />
    <ClInclude Include="..\Classes\TriggerUnitProperty.h" />
    <ClInclude Include="..\Classes\TriggerBuildingHP.h" />
    <ClInclude Include="..\Classes\EffectSwitch.h" />
    <ClInclude Include="..\Classes\effectcounter.h" />
    <ClInclude Include="..\Classes\effectdelay.h" />
    <ClInclude Include="..\Classes\effectdialog.h" />
    <ClInclude Include="..\Classes\gamestate.h" />
    <ClInclude Include="..\Classes\EffectUnitRoad.h" />
    <ClInclude Include="..\Classes\effectunitattack.h" />
    <ClInclude Include="..\Classes\EffectUnitExplode.h" />
    <ClInclude Include="..\Classes\effectunitmovetype.h" />
    <ClInclude Include="..\Classes\effectunitproperty.h" />
    <ClInclude Include="..\Classes\effectplayer.h" />
    <ClInclude Include="..\Classes\effectbuildingexplode.h" />
    <ClInclude Include="..\Classes\effectcameraa.h" />
    <ClInclude Include="..\Classes\effectchagnemap.h" />
    <ClInclude Include="..\Classes\gameeffectstate.h" />
    <ClInclude Include="..\Classes\effectcalculagraph.h" />
    <ClInclude Include="..\Classes\shotlogic.h" />
    <ClInclude Include="..\Classes\shotlogicmanager.h" />
    <ClInclude Include="..\Classes\GameScene.h">
      <Filter>src</Filter>
    </ClInclude>
    <ClInclude Include="..\Classes\sharedptrobject.h" />
    <ClInclude Include="..\Classes\AnimResManager.h" />
    <ClInclude Include="..\Classes\UnitResManager.h" />
    <ClInclude Include="..\Classes\buildingresmanager.h" />
    <ClInclude Include="..\Classes\weaponresmanager.h" />
    <ClInclude Include="..\Classes\tool.h" />
    <ClInclude Include="..\Classes\building.h" />
    <ClInclude Include="..\Classes\buildingres.h" />
    <ClInclude Include="..\Classes\explode.h" />
    <ClInclude Include="..\Classes\dropitemdate.h" />
    <ClInclude Include="..\Classes\UnitManager.h" />
    <ClInclude Include="..\Classes\EffectUnitAppear.h" />
    <ClInclude Include="..\Classes\mathconst.h" />
    <ClInclude Include="..\Classes\mapconst.h" />
  </ItemGroup>
  <ItemGroup>
    <ResourceCompile Include="game.rc">
      <Filter>resource</Filter>
    </ResourceCompile>
  </ItemGroup>
</Project>